// !$*UTF8*$!
{
	archiveVersion = 1;
	classes = {
	};
	objectVersion = 50;
	objects = {

/* Begin PBXBuildFile section */
		D10CDADF20D4F54D00F798CD /* AppDelegate.swift in Sources */ = {isa = PBXBuildFile; fileRef = D10CDADE20D4F54D00F798CD /* AppDelegate.swift */; };
		D10CDAE120D4F54D00F798CD /* ViewController.swift in Sources */ = {isa = PBXBuildFile; fileRef = D10CDAE020D4F54D00F798CD /* ViewController.swift */; };
		D10CDAE420D4F54D00F798CD /* Main.storyboard in Resources */ = {isa = PBXBuildFile; fileRef = D10CDAE220D4F54D00F798CD /* Main.storyboard */; };
		D10CDAE620D4F54E00F798CD /* Assets.xcassets in Resources */ = {isa = PBXBuildFile; fileRef = D10CDAE520D4F54E00F798CD /* Assets.xcassets */; };
		D10CDAE920D4F54E00F798CD /* LaunchScreen.storyboard in Resources */ = {isa = PBXBuildFile; fileRef = D10CDAE720D4F54E00F798CD /* LaunchScreen.storyboard */; };
/* End PBXBuildFile section */

/* Begin PBXFileReference section */
		D10CDADB20D4F54D00F798CD /* WindowShopperV1.app */ = {isa = PBXFileReference; explicitFileType = wrapper.application; includeInIndex = 0; path = WindowShopperV1.app; sourceTree = BUILT_PRODUCTS_DIR; };
		D10CDADE20D4F54D00F798CD /* AppDelegate.swift */ = {isa = PBXFileReference; lastKnownFileType = sourcecode.swift; path = AppDelegate.swift; sourceTree = "<group>"; };
		D10CDAE020D4F54D00F798CD /* ViewController.swift */ = {isa = PBXFileReference; lastKnownFileType = sourcecode.swift; path = ViewController.swift; sourceTree = "<group>"; };
		D10CDAE320D4F54D00F798CD /* Base */ = {isa = PBXFileReference; lastKnownFileType = file.storyboard; name = Base; path = Base.lproj/Main.storyboard; sourceTree = "<group>"; };
		D10CDAE520D4F54E00F798CD /* Assets.xcassets */ = {isa = PBXFileReference; lastKnownFileType = folder.assetcatalog; path = Assets.xcassets; sourceTree = "<group>"; };
		D10CDAE820D4F54E00F798CD /* Base */ = {isa = PBXFileReference; lastKnownFileType = file.storyboard; name = Base; path = Base.lproj/LaunchScreen.storyboard; sourceTree = "<group>"; };
		D10CDAEA20D4F54E00F798CD /* Info.plist */ = {isa = PBXFileReference; lastKnownFileType = text.plist.xml; path = Info.plist; sourceTree = "<group>"; };
/* End PBXFileReference section */

/* Begin PBXFrameworksBuildPhase section */
		D10CDAD820D4F54D00F798CD /* Frameworks */ = {
			isa = PBXFrameworksBuildPhase;
			buildActionMask = 2147483647;
			files = (
			);
			runOnlyForDeploymentPostprocessing = 0;
		};
/* End PBXFrameworksBuildPhase section */

/* Begin PBXGroup section */
		D10CDAD220D4F54D00F798CD = {
			isa = PBXGroup;
			children = (
				D10CDADD20D4F54D00F798CD /* WindowShopperV1 */,
				D10CDADC20D4F54D00F798CD /* Products */,
			);
			sourceTree = "<group>";
		};
		D10CDADC20D4F54D00F798CD /* Products */ = {
			isa = PBXGroup;
			children = (
				D10CDADB20D4F54D00F798CD /* WindowShopperV1.app */,
			);
			name = Products;
			sourceTree = "<group>";
		};
		D10CDADD20D4F54D00F798CD /* WindowShopperV1 */ = {
			isa = PBXGroup;
			children = (
				D10CDADE20D4F54D00F798CD /* AppDelegate.swift */,
				D10CDAE020D4F54D00F798CD /* ViewController.swift */,
				D10CDAE220D4F54D00F798CD /* Main.storyboard */,
				D10CDAE520D4F54E00F798CD /* Assets.xcassets */,
				D10CDAE720D4F54E00F798CD /* LaunchScreen.storyboard */,
				D10CDAEA20D4F54E00F798CD /* Info.plist */,
			);
			path = WindowShopperV1;
			sourceTree = "<group>";
		};
/* End PBXGroup section */

/* Begin PBXNativeTarget section */
		D10CDADA20D4F54D00F798CD /* WindowShopperV1 */ = {
			isa = PBXNativeTarget;
			buildConfigurationList = D10CDAED20D4F54E00F798CD /* Build configuration list for PBXNativeTarget "WindowShopperV1" */;
			buildPhases = (
				D10CDAD720D4F54D00F798CD /* Sources */,
				D10CDAD820D4F54D00F798CD /* Frameworks */,
				D10CDAD920D4F54D00F798CD /* Resources */,
			);
			buildRules = (
			);
			dependencies = (
			);
			name = WindowShopperV1;
			productName = WindowShopperV1;
			productReference = D10CDADB20D4F54D00F798CD /* WindowShopperV1.app */;
			productType = "com.apple.product-type.application";
		};
/* End PBXNativeTarget section */

/* Begin PBXProject section */
		D10CDAD320D4F54D00F798CD /* Project object */ = {
			isa = PBXProject;
			attributes = {
				LastSwiftUpdateCheck = 0940;
				LastUpgradeCheck = 0940;
				ORGANIZATIONNAME = Kyla;
				TargetAttributes = {
					D10CDADA20D4F54D00F798CD = {
						CreatedOnToolsVersion = 9.4;
					};
				};
			};
			buildConfigurationList = D10CDAD620D4F54D00F798CD /* Build configuration list for PBXProject "WindowShopperV1" */;
			compatibilityVersion = "Xcode 9.3";
			developmentRegion = en;
			hasScannedForEncodings = 0;
			knownRegions = (
				en,
				Base,
			);
			mainGroup = D10CDAD220D4F54D00F798CD;
			productRefGroup = D10CDADC20D4F54D00F798CD /* Products */;
			projectDirPath = "";
			projectRoot = "";
			targets = (
				D10CDADA20D4F54D00F798CD /* WindowShopperV1 */,
			);
		};
/* End PBXProject section */

/* Begin PBXResourcesBuildPhase section */
		D10CDAD920D4F54D00F798CD /* Resources */ = {
			isa = PBXResourcesBuildPhase;
			buildActionMask = 2147483647;
			files = (
				D10CDAE920D4F54E00F798CD /* LaunchScreen.storyboard in Resources */,
				D10CDAE620D4F54E00F798CD /* Assets.xcassets in Resources */,
				D10CDAE420D4F54D00F798CD /* Main.storyboard in Resources */,
			);
			runOnlyForDeploymentPostprocessing = 0;
		};
/* End PBXResourcesBuildPhase section */

/* Begin PBXSourcesBuildPhase section */
		D10CDAD720D4F54D00F798CD /* Sources */ = {
			isa = PBXSourcesBuildPhase;
			buildActionMask = 2147483647;
			files = (
				D10CDAE120D4F54D00F798CD /* ViewController.swift in Sources */,
				D10CDADF20D4F54D00F798CD /* AppDelegate.swift in Sources */,
			);
			runOnlyForDeploymentPostprocessing = 0;
		};
/* End PBXSourcesBuildPhase section */

/* Begin PBXVariantGroup section */
		D10CDAE220D4F54D00F798CD /* Main.storyboard */ = {
			isa = PBXVariantGroup;
			children = (
				D10CDAE320D4F54D00F798CD /* Base */,
			);
			name = Main.storyboard;
			sourceTree = "<group>";
		};
		D10CDAE720D4F54E00F798CD /* LaunchScreen.storyboard */ = {
			isa = PBXVariantGroup;
			children = (
				D10CDAE820D4F54E00F798CD /* Base */,
			);
			name = LaunchScreen.storyboard;
			sourceTree = "<group>";
		};
/* End PBXVariantGroup section */

/* Begin XCBuildConfiguration section */
		D10CDAEB20D4F54E00F798CD /* Debug */ = {
			isa = XCBuildConfiguration;
			buildSettings = {
				ALWAYS_SEARCH_USER_PATHS = NO;
				CLANG_ANALYZER_NONNULL = YES;
				CLANG_ANALYZER_NUMBER_OBJECT_CONVERSION = YES_AGGRESSIVE;
				CLANG_CXX_LANGUAGE_STANDARD = "gnu++14";
				CLANG_CXX_LIBRARY = "libc++";
				CLANG_ENABLE_MODULES = YES;
				CLANG_ENABLE_OBJC_ARC = YES;
				CLANG_ENABLE_OBJC_WEAK = YES;
				CLANG_WARN_BLOCK_CAPTURE_AUTORELEASING = YES;
				CLANG_WARN_BOOL_CONVERSION = YES;
				CLANG_WARN_COMMA = YES;
				CLANG_WARN_CONSTANT_CONVERSION = YES;
				CLANG_WARN_DEPRECATED_OBJC_IMPLEMENTATIONS = YES;
				CLANG_WARN_DIRECT_OBJC_ISA_USAGE = YES_ERROR;
				CLANG_WARN_DOCUMENTATION_COMMENTS = YES;
				CLANG_WARN_EMPTY_BODY = YES;
				CLANG_WARN_ENUM_CONVERSION = YES;
				CLANG_WARN_INFINITE_RECURSION = YES;
				CLANG_WARN_INT_CONVERSION = YES;
				CLANG_WARN_NON_LITERAL_NULL_CONVERSION = YES;
				CLANG_WARN_OBJC_IMPLICIT_RETAIN_SELF = YES;
				CLANG_WARN_OBJC_LITERAL_CONVERSION = YES;
				CLANG_WARN_OBJC_ROOT_CLASS = YES_ERROR;
				CLANG_WARN_RANGE_LOOP_ANALYSIS = YES;
				CLANG_WARN_STRICT_PROTOTYPES = YES;
				CLANG_WARN_SUSPICIOUS_MOVE = YES;
				CLANG_WARN_UNGUARDED_AVAILABILITY = YES_AGGRESSIVE;
				CLANG_WARN_UNREACHABLE_CODE = YES;
				CLANG_WARN__DUPLICATE_METHOD_MATCH = YES;
				CODE_SIGN_IDENTITY = "iPhone Developer";
				COPY_PHASE_STRIP = NO;
				DEBUG_INFORMATION_FORMAT = dwarf;
				ENABLE_STRICT_OBJC_MSGSEND = YES;
				ENABLE_TESTABILITY = YES;
				GCC_C_LANGUAGE_STANDARD = gnu11;
				GCC_DYNAMIC_NO_PIC = NO;
				GCC_NO_COMMON_BLOCKS = YES;
				GCC_OPTIMIZATION_LEVEL = 0;
				GCC_PREPROCESSOR_DEFINITIONS = (
					"DEBUG=1",
					"$(inherited)",
				);
				GCC_WARN_64_TO_32_BIT_CONVERSION = YES;
				GCC_WARN_ABOUT_RETURN_TYPE = YES_ERROR;
				GCC_WARN_UNDECLARED_SELECTOR = YES;
				GCC_WARN_UNINITIALIZED_AUTOS = YES_AGGRESSIVE;
				GCC_WARN_UNUSED_FUNCTION = YES;
				GCC_WARN_UNUSED_VARIABLE = YES;
				IPHONEOS_DEPLOYMENT_TARGET = 11.4;
				MTL_ENABLE_DEBUG_INFO = YES;
				ONLY_ACTIVE_ARCH = YES;
				SDKROOT = iphoneos;
				SWIFT_ACTIVE_COMPILATION_CONDITIONS = DEBUG;
				SWIFT_OPTIMIZATION_LEVEL = "-Onone";
			};
			name = Debug;
		};
		D10CDAEC20D4F54E00F798CD /* Release */ = {
			isa = XCBuildConfiguration;
			buildSettings = {
				ALWAYS_SEARCH_USER_PATHS = NO;
				CLANG_ANALYZER_NONNULL = YES;
				CLANG_ANALYZER_NUMBER_OBJECT_CONVERSION = YES_AGGRESSIVE;
				CLANG_CXX_LANGUAGE_STANDARD = "gnu++14";
				CLANG_CXX_LIBRARY = "libc++";
				CLANG_ENABLE_MODULES = YES;
				CLANG_ENABLE_OBJC_ARC = YES;
				CLANG_ENABLE_OBJC_WEAK = YES;
				CLANG_WARN_BLOCK_CAPTURE_AUTORELEASING = YES;
				CLANG_WARN_BOOL_CONVERSION = YES;
				CLANG_WARN_COMMA = YES;
				CLANG_WARN_CONSTANT_CONVERSION = YES;
				CLANG_WARN_DEPRECATED_OBJC_IMPLEMENTATIONS = YES;
				CLANG_WARN_DIRECT_OBJC_ISA_USAGE = YES_ERROR;
				CLANG_WARN_DOCUMENTATION_COMMENTS = YES;
				CLANG_WARN_EMPTY_BODY = YES;
				CLANG_WARN_ENUM_CONVERSION = YES;
				CLANG_WARN_INFINITE_RECURSION = YES;
				CLANG_WARN_INT_CONVERSION = YES;
				CLANG_WARN_NON_LITERAL_NULL_CONVERSION = YES;
				CLANG_WARN_OBJC_IMPLICIT_RETAIN_SELF = YES;
				CLANG_WARN_OBJC_LITERAL_CONVERSION = YES;
				CLANG_WARN_OBJC_ROOT_CLASS = YES_ERROR;
				CLANG_WARN_RANGE_LOOP_ANALYSIS = YES;
				CLANG_WARN_STRICT_PROTOTYPES = YES;
				CLANG_WARN_SUSPICIOUS_MOVE = YES;
				CLANG_WARN_UNGUARDED_AVAILABILITY = YES_AGGRESSIVE;
				CLANG_WARN_UNREACHABLE_CODE = YES;
				CLANG_WARN__DUPLICATE_METHOD_MATCH = YES;
				CODE_SIGN_IDENTITY = "iPhone Developer";
				COPY_PHASE_STRIP = NO;
				DEBUG_INFORMATION_FORMAT = "dwarf-with-dsym";
				ENABLE_NS_ASSERTIONS = NO;
				ENABLE_STRICT_OBJC_MSGSEND = YES;
				GCC_C_LANGUAGE_STANDARD = gnu11;
				GCC_NO_COMMON_BLOCKS = YES;
				GCC_WARN_64_TO_32_BIT_CONVERSION = YES;
				GCC_WARN_ABOUT_RETURN_TYPE = YES_ERROR;
				GCC_WARN_UNDECLARED_SELECTOR = YES;
				GCC_WARN_UNINITIALIZED_AUTOS = YES_AGGRESSIVE;
				GCC_WARN_UNUSED_FUNCTION = YES;
				GCC_WARN_UNUSED_VARIABLE = YES;
				IPHONEOS_DEPLOYMENT_TARGET = 11.4;
				MTL_ENABLE_DEBUG_INFO = NO;
				SDKROOT = iphoneos;
				SWIFT_COMPILATION_MODE = wholemodule;
				SWIFT_OPTIMIZATION_LEVEL = "-O";
				VALIDATE_PRODUCT = YES;
			};
			name = Release;
		};
		D10CDAEE20D4F54E00F798CD /* Debug */ = {
			isa = XCBuildConfiguration;
			buildSettings = {
				ASSETCATALOG_COMPILER_APPICON_NAME = AppIcon;
				CODE_SIGN_STYLE = Automatic;
				DEVELOPMENT_TEAM = G4W8G2YXN6;
				INFOPLIST_FILE = WindowShopperV1/Info.plist;
				LD_RUNPATH_SEARCH_PATHS = (
					"$(inherited)",
					"@executable_path/Frameworks",
				);
				PRODUCT_BUNDLE_IDENTIFIER = Kyla.WindowShopperV1;
				PRODUCT_NAME = "$(TARGET_NAME)";
				SWIFT_VERSION = 4.0;
				TARGETED_DEVICE_FAMILY = "1,2";
			};
			name = Debug;
		};
		D10CDAEF20D4F54E00F798CD /* Release */ = {
			isa = XCBuildConfiguration;
			buildSettings = {
				ASSETCATALOG_COMPILER_APPICON_NAME = AppIcon;
				CODE_SIGN_STYLE = Automatic;
				DEVELOPMENT_TEAM = G4W8G2YXN6;
				INFOPLIST_FILE = WindowShopperV1/Info.plist;
				LD_RUNPATH_SEARCH_PATHS = (
					"$(inherited)",
					"@executable_path/Frameworks",
				);
				PRODUCT_BUNDLE_IDENTIFIER = Kyla.WindowShopperV1;
				PRODUCT_NAME = "$(TARGET_NAME)";
				SWIFT_VERSION = 4.0;
				TARGETED_DEVICE_FAMILY = "1,2";
			};
			name = Release;
		};
/* End XCBuildConfiguration section */

/* Begin XCConfigurationList section */
		D10CDAD620D4F54D00F798CD /* Build configuration list for PBXProject "WindowShopperV1" */ = {
			isa = XCConfigurationList;
			buildConfigurations = (
				D10CDAEB20D4F54E00F798CD /* Debug */,
				D10CDAEC20D4F54E00F798CD /* Release */,
			);
			defaultConfigurationIsVisible = 0;
			defaultConfigurationName = Release;
		};
		D10CDAED20D4F54E00F798CD /* Build configuration list for PBXNativeTarget "WindowShopperV1" */ = {
			isa = XCConfigurationList;
			buildConfigurations = (
				D10CDAEE20D4F54E00F798CD /* Debug */,
				D10CDAEF20D4F54E00F798CD /* Release */,
			);
			defaultConfigurationIsVisible = 0;
			defaultConfigurationName = Release;
		};
/* End XCConfigurationList section */
	};
	rootObject = D10CDAD320D4F54D00F798CD /* Project object */;
}
